{
  "object": {
    "pins": [
      {
        "package": "IBDecodable",
        "repositoryURL": "https://github.com/IBDecodable/IBDecodable.git",
        "state": {
          "branch": null,
          "revision": "d290038df73db68678a1eca1d8cbd3237750113d",
          "version": "0.0.4"
        }
      },
      {
        "package": "swift-argument-parser",
        "repositoryURL": "https://github.com/apple/swift-argument-parser.git",
        "state": {
          "branch": null,
          "revision": "223d62adc52d51669ae2ee19bdb8b7d9fd6fcd9c",
          "version": "0.0.6"
        }
      },
      {
        "package": "SWXMLHash",
        "repositoryURL": "https://github.com/drmohundro/SWXMLHash.git",
        "state": {
          "branch": null,
          "revision": "f43166a8e18fdd0857f29e303b1bb79a5428bca0",
          "version": "4.9.0"
        }
      }
    ]
  },
  "version": 1
}
